// !$*UTF8*$!
{
	archiveVersion = 1;
	classes = {
	};
	objectVersion = 50;
	objects = {

/* Begin PBXBuildFile section */
		180BC3CA21B1AE1A0061D33A /* AddEventViewController.swift in Sources */ = {isa = PBXBuildFile; fileRef = 180BC3C921B1AE1A0061D33A /* AddEventViewController.swift */; };
		180D6F0021A9319B00D62A6D /* libsqlite3.tbd in Frameworks */ = {isa = PBXBuildFile; fileRef = 180D6EFF21A9319B00D62A6D /* libsqlite3.tbd */; };
		180D6F0621A9356100D62A6D /* SqliteManager.swift in Sources */ = {isa = PBXBuildFile; fileRef = 180D6F0521A9356100D62A6D /* SqliteManager.swift */; };
		1890BCE121B2EFEF008E8236 /* AddElementViewController.swift in Sources */ = {isa = PBXBuildFile; fileRef = 1890BCE021B2EFEF008E8236 /* AddElementViewController.swift */; };
		1890BCE321B2EFFB008E8236 /* AddAchievementViewController.swift in Sources */ = {isa = PBXBuildFile; fileRef = 1890BCE221B2EFFB008E8236 /* AddAchievementViewController.swift */; };
		18CCAD4021B8258B00B8DDF1 /* TimeTableViewCell.swift in Sources */ = {isa = PBXBuildFile; fileRef = 18CCAD3E21B8258B00B8DDF1 /* TimeTableViewCell.swift */; };
		18CCAD4121B8258B00B8DDF1 /* TimeTableViewCell.xib in Resources */ = {isa = PBXBuildFile; fileRef = 18CCAD3F21B8258B00B8DDF1 /* TimeTableViewCell.xib */; };
		18CCAD4321B825CF00B8DDF1 /* time_cell.jpeg in Resources */ = {isa = PBXBuildFile; fileRef = 18CCAD4221B825CF00B8DDF1 /* time_cell.jpeg */; };
		18CCAD4521B827C000B8DDF1 /* TimeLineViewController.swift in Sources */ = {isa = PBXBuildFile; fileRef = 18CCAD4421B827C000B8DDF1 /* TimeLineViewController.swift */; };
		D9BA66986304CCD8C90A8400 /* Pods_split.framework in Frameworks */ = {isa = PBXBuildFile; fileRef = E0875012D365B4EC19946D13 /* Pods_split.framework */; };
		E10BA2ED21BB704B0010DA0B /* ValuesTableViewController.swift in Sources */ = {isa = PBXBuildFile; fileRef = E10BA2EC21BB704B0010DA0B /* ValuesTableViewController.swift */; };
		E10BA2EF21BBAB120010DA0B /* RCTextViewController.swift in Sources */ = {isa = PBXBuildFile; fileRef = E10BA2EE21BBAB120010DA0B /* RCTextViewController.swift */; };
		E10BA2F121BBAB1A0010DA0B /* LongTextViewController.swift in Sources */ = {isa = PBXBuildFile; fileRef = E10BA2F021BBAB1A0010DA0B /* LongTextViewController.swift */; };
		E10BA2F321BBAB510010DA0B /* Sub.storyboard in Resources */ = {isa = PBXBuildFile; fileRef = E10BA2F221BBAB510010DA0B /* Sub.storyboard */; };
		E12CD38B21C5DBDC0030E530 /* HttpUtil.swift in Sources */ = {isa = PBXBuildFile; fileRef = E12CD38A21C5DBDC0030E530 /* HttpUtil.swift */; };
		E14D8363219C7858004F3B34 /* AppDelegate.swift in Sources */ = {isa = PBXBuildFile; fileRef = E14D8362219C7858004F3B34 /* AppDelegate.swift */; };
		E14D8365219C7858004F3B34 /* MainViewController.swift in Sources */ = {isa = PBXBuildFile; fileRef = E14D8364219C7858004F3B34 /* MainViewController.swift */; };
		E14D8368219C7858004F3B34 /* Main.storyboard in Resources */ = {isa = PBXBuildFile; fileRef = E14D8366219C7858004F3B34 /* Main.storyboard */; };
		E14D836A219C785B004F3B34 /* Assets.xcassets in Resources */ = {isa = PBXBuildFile; fileRef = E14D8369219C785B004F3B34 /* Assets.xcassets */; };
		E14D836D219C785B004F3B34 /* LaunchScreen.storyboard in Resources */ = {isa = PBXBuildFile; fileRef = E14D836B219C785B004F3B34 /* LaunchScreen.storyboard */; };
		E14D8378219C785B004F3B34 /* splitTests.swift in Sources */ = {isa = PBXBuildFile; fileRef = E14D8377219C785B004F3B34 /* splitTests.swift */; };
		E14D8383219C785B004F3B34 /* splitUITests.swift in Sources */ = {isa = PBXBuildFile; fileRef = E14D8382219C785B004F3B34 /* splitUITests.swift */; };
		E156441221F09F9400D09593 /* TodoTableViewCell.swift in Sources */ = {isa = PBXBuildFile; fileRef = E156441021F09F9400D09593 /* TodoTableViewCell.swift */; };
		E156441321F09F9400D09593 /* TodoTableViewCell.xib in Resources */ = {isa = PBXBuildFile; fileRef = E156441121F09F9400D09593 /* TodoTableViewCell.xib */; };
		E15C77D521EF16E100472B02 /* Array+Extensions.swift in Sources */ = {isa = PBXBuildFile; fileRef = E15C778621EF16E100472B02 /* Array+Extensions.swift */; };
		E15C77D621EF16E100472B02 /* UISegmentedControl+Extensions.swift in Sources */ = {isa = PBXBuildFile; fileRef = E15C778721EF16E100472B02 /* UISegmentedControl+Extensions.swift */; };
		E15C77D721EF16E100472B02 /* UIImageView+Extensions.swift in Sources */ = {isa = PBXBuildFile; fileRef = E15C778821EF16E100472B02 /* UIImageView+Extensions.swift */; };
		E15C77D821EF16E100472B02 /* UIViewController+Extensions.swift in Sources */ = {isa = PBXBuildFile; fileRef = E15C778921EF16E100472B02 /* UIViewController+Extensions.swift */; };
		E15C77D921EF16E100472B02 /* UIView+Extensions.swift in Sources */ = {isa = PBXBuildFile; fileRef = E15C778A21EF16E100472B02 /* UIView+Extensions.swift */; };
		E15C77DA21EF16E100472B02 /* Date+Extension.swift in Sources */ = {isa = PBXBuildFile; fileRef = E15C778B21EF16E100472B02 /* Date+Extension.swift */; };
		E15C77DB21EF16E100472B02 /* String+Extensions.swift in Sources */ = {isa = PBXBuildFile; fileRef = E15C778C21EF16E100472B02 /* String+Extensions.swift */; };
		E15C77DC21EF16E100472B02 /* UITextView+Extensions.swift in Sources */ = {isa = PBXBuildFile; fileRef = E15C778D21EF16E100472B02 /* UITextView+Extensions.swift */; };
		E15C77DD21EF16E100472B02 /* UIColor+Extensions.swift in Sources */ = {isa = PBXBuildFile; fileRef = E15C778E21EF16E100472B02 /* UIColor+Extensions.swift */; };
		E15C77DE21EF16E100472B02 /* UIImage+Extensions.swift in Sources */ = {isa = PBXBuildFile; fileRef = E15C778F21EF16E100472B02 /* UIImage+Extensions.swift */; };
		E15C77DF21EF16E100472B02 /* UISearchBar+Extensions.swift in Sources */ = {isa = PBXBuildFile; fileRef = E15C779021EF16E100472B02 /* UISearchBar+Extensions.swift */; };
		E15C77E021EF16E100472B02 /* UIApplication+Extensions.swift in Sources */ = {isa = PBXBuildFile; fileRef = E15C779121EF16E100472B02 /* UIApplication+Extensions.swift */; };
		E15C77E121EF16E100472B02 /* UIAlertController+Extensions.swift in Sources */ = {isa = PBXBuildFile; fileRef = E15C779221EF16E100472B02 /* UIAlertController+Extensions.swift */; };
		E15C77E221EF16E100472B02 /* Optional+Extensions.swift in Sources */ = {isa = PBXBuildFile; fileRef = E15C779321EF16E100472B02 /* Optional+Extensions.swift */; };
		E15C77E321EF16E100472B02 /* Common+Extensions.swift in Sources */ = {isa = PBXBuildFile; fileRef = E15C779421EF16E100472B02 /* Common+Extensions.swift */; };
		E15C77E421EF16E100472B02 /* Locale+Extensions.swift in Sources */ = {isa = PBXBuildFile; fileRef = E15C779521EF16E100472B02 /* Locale+Extensions.swift */; };
		E15C77E521EF16E100472B02 /* UITextField+Extensions.swift in Sources */ = {isa = PBXBuildFile; fileRef = E15C779621EF16E100472B02 /* UITextField+Extensions.swift */; };
		E15C77E621EF16E100472B02 /* AttributedTextBlock.swift in Sources */ = {isa = PBXBuildFile; fileRef = E15C779921EF16E100472B02 /* AttributedTextBlock.swift */; };
		E15C77E721EF16E100472B02 /* TextViewController.swift in Sources */ = {isa = PBXBuildFile; fileRef = E15C779A21EF16E100472B02 /* TextViewController.swift */; };
		E15C77E821EF16E100472B02 /* Countries.bundle in Resources */ = {isa = PBXBuildFile; fileRef = E15C779D21EF16E100472B02 /* Countries.bundle */; };
		E15C77E921EF16E100472B02 /* LocaleStore.swift in Sources */ = {isa = PBXBuildFile; fileRef = E15C779F21EF16E100472B02 /* LocaleStore.swift */; };
		E15C77EA21EF16E100472B02 /* LocaleInfo.swift in Sources */ = {isa = PBXBuildFile; fileRef = E15C77A121EF16E100472B02 /* LocaleInfo.swift */; };
		E15C77EB21EF16E100472B02 /* LocalePickerViewController.swift in Sources */ = {isa = PBXBuildFile; fileRef = E15C77A221EF16E100472B02 /* LocalePickerViewController.swift */; };
		E15C77EC21EF16E100472B02 /* PhoneCodeCell.swift in Sources */ = {isa = PBXBuildFile; fileRef = E15C77A421EF16E100472B02 /* PhoneCodeCell.swift */; };
		E15C77ED21EF16E100472B02 /* CurrencyCell.swift in Sources */ = {isa = PBXBuildFile; fileRef = E15C77A521EF16E100472B02 /* CurrencyCell.swift */; };
		E15C77EE21EF16E100472B02 /* CountryCell.swift in Sources */ = {isa = PBXBuildFile; fileRef = E15C77A621EF16E100472B02 /* CountryCell.swift */; };
		E15C77EF21EF16E100472B02 /* TwoTextFieldsViewController.swift in Sources */ = {isa = PBXBuildFile; fileRef = E15C77A821EF16E100472B02 /* TwoTextFieldsViewController.swift */; };
		E15C77F021EF16E100472B02 /* OneTextFieldViewController.swift in Sources */ = {isa = PBXBuildFile; fileRef = E15C77A921EF16E100472B02 /* OneTextFieldViewController.swift */; };
		E15C77F121EF16E100472B02 /* Assets.swift in Sources */ = {isa = PBXBuildFile; fileRef = E15C77AC21EF16E100472B02 /* Assets.swift */; };
		E15C77F221EF16E100472B02 /* PhotoLibraryPickerViewController.swift in Sources */ = {isa = PBXBuildFile; fileRef = E15C77AD21EF16E100472B02 /* PhotoLibraryPickerViewController.swift */; };
		E15C77F321EF16E100472B02 /* LocationSearchResultsViewController.swift in Sources */ = {isa = PBXBuildFile; fileRef = E15C77AF21EF16E100472B02 /* LocationSearchResultsViewController.swift */; };
		E15C77F421EF16E100472B02 /* LocationPickerViewController.swift in Sources */ = {isa = PBXBuildFile; fileRef = E15C77B021EF16E100472B02 /* LocationPickerViewController.swift */; };
		E15C77F521EF16E100472B02 /* SearchHistoryManager.swift in Sources */ = {isa = PBXBuildFile; fileRef = E15C77B221EF16E100472B02 /* SearchHistoryManager.swift */; };
		E15C77F621EF16E100472B02 /* Location.swift in Sources */ = {isa = PBXBuildFile; fileRef = E15C77B421EF16E100472B02 /* Location.swift */; };
		E15C77F721EF16E100472B02 /* Address.swift in Sources */ = {isa = PBXBuildFile; fileRef = E15C77B521EF16E100472B02 /* Address.swift */; };
		E15C77F821EF16E100472B02 /* PickerViewViewController.swift in Sources */ = {isa = PBXBuildFile; fileRef = E15C77B721EF16E100472B02 /* PickerViewViewController.swift */; };
		E15C77F921EF16E100472B02 /* ContactsPickerViewController.swift in Sources */ = {isa = PBXBuildFile; fileRef = E15C77B921EF16E100472B02 /* ContactsPickerViewController.swift */; };
		E15C77FA21EF16E100472B02 /* Contacts.swift in Sources */ = {isa = PBXBuildFile; fileRef = E15C77BB21EF16E100472B02 /* Contacts.swift */; };
		E15C77FB21EF16E100472B02 /* Contact.swift in Sources */ = {isa = PBXBuildFile; fileRef = E15C77BD21EF16E100472B02 /* Contact.swift */; };
		E15C77FC21EF16E100472B02 /* ContactCell.swift in Sources */ = {isa = PBXBuildFile; fileRef = E15C77BF21EF16E100472B02 /* ContactCell.swift */; };
		E15C77FD21EF16E100472B02 /* ColorPickerViewController.swift in Sources */ = {isa = PBXBuildFile; fileRef = E15C77C121EF16E100472B02 /* ColorPickerViewController.swift */; };
		E15C77FE21EF16E100472B02 /* DatePickerViewController.swift in Sources */ = {isa = PBXBuildFile; fileRef = E15C77C321EF16E100472B02 /* DatePickerViewController.swift */; };
		E15C77FF21EF16E100472B02 /* ImagePickerViewController.swift in Sources */ = {isa = PBXBuildFile; fileRef = E15C77C521EF16E100472B02 /* ImagePickerViewController.swift */; };
		E15C780021EF16E100472B02 /* ItemWithImage.swift in Sources */ = {isa = PBXBuildFile; fileRef = E15C77C721EF16E100472B02 /* ItemWithImage.swift */; };
		E15C780121EF16E100472B02 /* PhotoLayout.swift in Sources */ = {isa = PBXBuildFile; fileRef = E15C77CA21EF16E100472B02 /* PhotoLayout.swift */; };
		E15C780221EF16E100472B02 /* TelegramPickerViewController.swift in Sources */ = {isa = PBXBuildFile; fileRef = E15C77CB21EF16E100472B02 /* TelegramPickerViewController.swift */; };
		E15C780321EF16E100472B02 /* ItemWithPhoto.swift in Sources */ = {isa = PBXBuildFile; fileRef = E15C77CD21EF16E100472B02 /* ItemWithPhoto.swift */; };
		E15C780421EF16E100472B02 /* LikeButtonCell.swift in Sources */ = {isa = PBXBuildFile; fileRef = E15C77CE21EF16E100472B02 /* LikeButtonCell.swift */; };
		E15C780521EF16E100472B02 /* Label.swift in Sources */ = {isa = PBXBuildFile; fileRef = E15C77D021EF16E100472B02 /* Label.swift */; };
		E15C780621EF16E100472B02 /* SegmentedControl.swift in Sources */ = {isa = PBXBuildFile; fileRef = E15C77D121EF16E100472B02 /* SegmentedControl.swift */; };
		E15C780721EF16E100472B02 /* GradientSlider.swift in Sources */ = {isa = PBXBuildFile; fileRef = E15C77D221EF16E100472B02 /* GradientSlider.swift */; };
		E15C780821EF16E100472B02 /* TextField.swift in Sources */ = {isa = PBXBuildFile; fileRef = E15C77D321EF16E100472B02 /* TextField.swift */; };
		E15C780921EF16E100472B02 /* Button.swift in Sources */ = {isa = PBXBuildFile; fileRef = E15C77D421EF16E100472B02 /* Button.swift */; };
		E15C780B21EF28DF00472B02 /* PushMessageUtil.swift in Sources */ = {isa = PBXBuildFile; fileRef = E15C780A21EF28DF00472B02 /* PushMessageUtil.swift */; };
		E168BD09219F178800D8EDB2 /* SubViewController.swift in Sources */ = {isa = PBXBuildFile; fileRef = E168BD08219F178800D8EDB2 /* SubViewController.swift */; };
		E168BD0B21A0ECC600D8EDB2 /* MyViewController.swift in Sources */ = {isa = PBXBuildFile; fileRef = E168BD0A21A0ECC600D8EDB2 /* MyViewController.swift */; };
		E168BD0D21A0F0C200D8EDB2 /* my.plist in Resources */ = {isa = PBXBuildFile; fileRef = E168BD0C21A0F0C200D8EDB2 /* my.plist */; };
		E168BD0F21A0F62000D8EDB2 /* my.plist in Resources */ = {isa = PBXBuildFile; fileRef = E168BD0C21A0F0C200D8EDB2 /* my.plist */; };
		E16BDBE221A1BC7800448D16 /* TodoViewController.swift in Sources */ = {isa = PBXBuildFile; fileRef = E16BDBE121A1BC7800448D16 /* TodoViewController.swift */; };
		E16BDBE421A1BCA000448D16 /* AnalysisViewController.swift in Sources */ = {isa = PBXBuildFile; fileRef = E16BDBE321A1BCA000448D16 /* AnalysisViewController.swift */; };
		E16BDBE621A1BCA900448D16 /* WorldViewController.swift in Sources */ = {isa = PBXBuildFile; fileRef = E16BDBE521A1BCA900448D16 /* WorldViewController.swift */; };
		E16BDBE821A624E700448D16 /* DetailViewController.swift in Sources */ = {isa = PBXBuildFile; fileRef = E16BDBE721A624E700448D16 /* DetailViewController.swift */; };
		E17B7ACD21E0B07B001AB5AB /* TableViewCell.swift in Sources */ = {isa = PBXBuildFile; fileRef = E17B7ACB21E0B07B001AB5AB /* TableViewCell.swift */; };
		E17B7ACE21E0B07B001AB5AB /* TableViewCell.xib in Resources */ = {isa = PBXBuildFile; fileRef = E17B7ACC21E0B07B001AB5AB /* TableViewCell.xib */; };
		E17B7AD021E19746001AB5AB /* AlertUtil.swift in Sources */ = {isa = PBXBuildFile; fileRef = E17B7ACF21E19746001AB5AB /* AlertUtil.swift */; };
/* End PBXBuildFile section */

/* Begin PBXContainerItemProxy section */
		E14D8374219C785B004F3B34 /* PBXContainerItemProxy */ = {
			isa = PBXContainerItemProxy;
			containerPortal = E14D8357219C7858004F3B34 /* Project object */;
			proxyType = 1;
			remoteGlobalIDString = E14D835E219C7858004F3B34;
			remoteInfo = split;
		};
		E14D837F219C785B004F3B34 /* PBXContainerItemProxy */ = {
			isa = PBXContainerItemProxy;
			containerPortal = E14D8357219C7858004F3B34 /* Project object */;
			proxyType = 1;
			remoteGlobalIDString = E14D835E219C7858004F3B34;
			remoteInfo = split;
		};
/* End PBXContainerItemProxy section */

/* Begin PBXFileReference section */
		180BC3C921B1AE1A0061D33A /* AddEventViewController.swift */ = {isa = PBXFileReference; lastKnownFileType = sourcecode.swift; path = AddEventViewController.swift; sourceTree = "<group>"; };
		180D6EFF21A9319B00D62A6D /* libsqlite3.tbd */ = {isa = PBXFileReference; lastKnownFileType = "sourcecode.text-based-dylib-definition"; name = libsqlite3.tbd; path = usr/lib/libsqlite3.tbd; sourceTree = SDKROOT; };
		180D6F0121A931EB00D62A6D /* FMDB */ = {isa = PBXFileReference; lastKnownFileType = folder; name = FMDB; path = Pods/FMDB; sourceTree = "<group>"; };
		180D6F0321A9321A00D62A6D /* fmdb */ = {isa = PBXFileReference; lastKnownFileType = folder; name = fmdb; path = Pods/FMDB/src/fmdb; sourceTree = "<group>"; };
		180D6F0521A9356100D62A6D /* SqliteManager.swift */ = {isa = PBXFileReference; indentWidth = 3; lastKnownFileType = sourcecode.swift; path = SqliteManager.swift; sourceTree = "<group>"; };
		1890BCE021B2EFEF008E8236 /* AddElementViewController.swift */ = {isa = PBXFileReference; lastKnownFileType = sourcecode.swift; path = AddElementViewController.swift; sourceTree = "<group>"; };
		1890BCE221B2EFFB008E8236 /* AddAchievementViewController.swift */ = {isa = PBXFileReference; lastKnownFileType = sourcecode.swift; path = AddAchievementViewController.swift; sourceTree = "<group>"; };
		18CCAD3E21B8258B00B8DDF1 /* TimeTableViewCell.swift */ = {isa = PBXFileReference; lastKnownFileType = sourcecode.swift; path = TimeTableViewCell.swift; sourceTree = "<group>"; };
		18CCAD3F21B8258B00B8DDF1 /* TimeTableViewCell.xib */ = {isa = PBXFileReference; lastKnownFileType = file.xib; path = TimeTableViewCell.xib; sourceTree = "<group>"; };
		18CCAD4221B825CF00B8DDF1 /* time_cell.jpeg */ = {isa = PBXFileReference; lastKnownFileType = image.jpeg; path = time_cell.jpeg; sourceTree = "<group>"; };
		18CCAD4421B827C000B8DDF1 /* TimeLineViewController.swift */ = {isa = PBXFileReference; lastKnownFileType = sourcecode.swift; path = TimeLineViewController.swift; sourceTree = "<group>"; };
		5BA51CC5F0C2CD48B9FB2036 /* Pods-split.debug.xcconfig */ = {isa = PBXFileReference; includeInIndex = 1; lastKnownFileType = text.xcconfig; name = "Pods-split.debug.xcconfig"; path = "Pods/Target Support Files/Pods-split/Pods-split.debug.xcconfig"; sourceTree = "<group>"; };
		BE3FF63475A58BD80F1454A5 /* Pods-split.release.xcconfig */ = {isa = PBXFileReference; includeInIndex = 1; lastKnownFileType = text.xcconfig; name = "Pods-split.release.xcconfig"; path = "Pods/Target Support Files/Pods-split/Pods-split.release.xcconfig"; sourceTree = "<group>"; };
		E0875012D365B4EC19946D13 /* Pods_split.framework */ = {isa = PBXFileReference; explicitFileType = wrapper.framework; includeInIndex = 0; path = Pods_split.framework; sourceTree = BUILT_PRODUCTS_DIR; };
		E10BA2EC21BB704B0010DA0B /* ValuesTableViewController.swift */ = {isa = PBXFileReference; lastKnownFileType = sourcecode.swift; path = ValuesTableViewController.swift; sourceTree = "<group>"; };
		E10BA2EE21BBAB120010DA0B /* RCTextViewController.swift */ = {isa = PBXFileReference; lastKnownFileType = sourcecode.swift; path = RCTextViewController.swift; sourceTree = "<group>"; };
		E10BA2F021BBAB1A0010DA0B /* LongTextViewController.swift */ = {isa = PBXFileReference; lastKnownFileType = sourcecode.swift; path = LongTextViewController.swift; sourceTree = "<group>"; };
		E10BA2F221BBAB510010DA0B /* Sub.storyboard */ = {isa = PBXFileReference; lastKnownFileType = file.storyboard; path = Sub.storyboard; sourceTree = "<group>"; };
		E12CD38A21C5DBDC0030E530 /* HttpUtil.swift */ = {isa = PBXFileReference; lastKnownFileType = sourcecode.swift; path = HttpUtil.swift; sourceTree = "<group>"; };
		E14D835F219C7858004F3B34 /* split.app */ = {isa = PBXFileReference; explicitFileType = wrapper.application; includeInIndex = 0; path = split.app; sourceTree = BUILT_PRODUCTS_DIR; };
		E14D8362219C7858004F3B34 /* AppDelegate.swift */ = {isa = PBXFileReference; lastKnownFileType = sourcecode.swift; path = AppDelegate.swift; sourceTree = "<group>"; };
		E14D8364219C7858004F3B34 /* MainViewController.swift */ = {isa = PBXFileReference; lastKnownFileType = sourcecode.swift; path = MainViewController.swift; sourceTree = "<group>"; };
		E14D8367219C7858004F3B34 /* Base */ = {isa = PBXFileReference; lastKnownFileType = file.storyboard; name = Base; path = Base.lproj/Main.storyboard; sourceTree = "<group>"; };
		E14D8369219C785B004F3B34 /* Assets.xcassets */ = {isa = PBXFileReference; lastKnownFileType = folder.assetcatalog; path = Assets.xcassets; sourceTree = "<group>"; };
		E14D836C219C785B004F3B34 /* Base */ = {isa = PBXFileReference; lastKnownFileType = file.storyboard; name = Base; path = Base.lproj/LaunchScreen.storyboard; sourceTree = "<group>"; };
		E14D836E219C785B004F3B34 /* Info.plist */ = {isa = PBXFileReference; lastKnownFileType = text.plist.xml; path = Info.plist; sourceTree = "<group>"; };
		E14D8373219C785B004F3B34 /* splitTests.xctest */ = {isa = PBXFileReference; explicitFileType = wrapper.cfbundle; includeInIndex = 0; path = splitTests.xctest; sourceTree = BUILT_PRODUCTS_DIR; };
		E14D8377219C785B004F3B34 /* splitTests.swift */ = {isa = PBXFileReference; lastKnownFileType = sourcecode.swift; path = splitTests.swift; sourceTree = "<group>"; };
		E14D8379219C785B004F3B34 /* Info.plist */ = {isa = PBXFileReference; lastKnownFileType = text.plist.xml; path = Info.plist; sourceTree = "<group>"; };
		E14D837E219C785B004F3B34 /* splitUITests.xctest */ = {isa = PBXFileReference; explicitFileType = wrapper.cfbundle; includeInIndex = 0; path = splitUITests.xctest; sourceTree = BUILT_PRODUCTS_DIR; };
		E14D8382219C785B004F3B34 /* splitUITests.swift */ = {isa = PBXFileReference; lastKnownFileType = sourcecode.swift; path = splitUITests.swift; sourceTree = "<group>"; };
		E14D8384219C785B004F3B34 /* Info.plist */ = {isa = PBXFileReference; lastKnownFileType = text.plist.xml; path = Info.plist; sourceTree = "<group>"; };
		E156441021F09F9400D09593 /* TodoTableViewCell.swift */ = {isa = PBXFileReference; lastKnownFileType = sourcecode.swift; path = TodoTableViewCell.swift; sourceTree = "<group>"; };
		E156441121F09F9400D09593 /* TodoTableViewCell.xib */ = {isa = PBXFileReference; lastKnownFileType = file.xib; path = TodoTableViewCell.xib; sourceTree = "<group>"; };
		E15C778621EF16E100472B02 /* Array+Extensions.swift */ = {isa = PBXFileReference; fileEncoding = 4; lastKnownFileType = sourcecode.swift; path = "Array+Extensions.swift"; sourceTree = "<group>"; };
		E15C778721EF16E100472B02 /* UISegmentedControl+Extensions.swift */ = {isa = PBXFileReference; fileEncoding = 4; lastKnownFileType = sourcecode.swift; path = "UISegmentedControl+Extensions.swift"; sourceTree = "<group>"; };
		E15C778821EF16E100472B02 /* UIImageView+Extensions.swift */ = {isa = PBXFileReference; fileEncoding = 4; lastKnownFileType = sourcecode.swift; path = "UIImageView+Extensions.swift"; sourceTree = "<group>"; };
		E15C778921EF16E100472B02 /* UIViewController+Extensions.swift */ = {isa = PBXFileReference; fileEncoding = 4; lastKnownFileType = sourcecode.swift; path = "UIViewController+Extensions.swift"; sourceTree = "<group>"; };
		E15C778A21EF16E100472B02 /* UIView+Extensions.swift */ = {isa = PBXFileReference; fileEncoding = 4; lastKnownFileType = sourcecode.swift; path = "UIView+Extensions.swift"; sourceTree = "<group>"; };
		E15C778B21EF16E100472B02 /* Date+Extension.swift */ = {isa = PBXFileReference; fileEncoding = 4; lastKnownFileType = sourcecode.swift; path = "Date+Extension.swift"; sourceTree = "<group>"; };
		E15C778C21EF16E100472B02 /* String+Extensions.swift */ = {isa = PBXFileReference; fileEncoding = 4; lastKnownFileType = sourcecode.swift; path = "String+Extensions.swift"; sourceTree = "<group>"; };
		E15C778D21EF16E100472B02 /* UITextView+Extensions.swift */ = {isa = PBXFileReference; fileEncoding = 4; lastKnownFileType = sourcecode.swift; path = "UITextView+Extensions.swift"; sourceTree = "<group>"; };
		E15C778E21EF16E100472B02 /* UIColor+Extensions.swift */ = {isa = PBXFileReference; fileEncoding = 4; lastKnownFileType = sourcecode.swift; path = "UIColor+Extensions.swift"; sourceTree = "<group>"; };
		E15C778F21EF16E100472B02 /* UIImage+Extensions.swift */ = {isa = PBXFileReference; fileEncoding = 4; lastKnownFileType = sourcecode.swift; path = "UIImage+Extensions.swift"; sourceTree = "<group>"; };
		E15C779021EF16E100472B02 /* UISearchBar+Extensions.swift */ = {isa = PBXFileReference; fileEncoding = 4; lastKnownFileType = sourcecode.swift; path = "UISearchBar+Extensions.swift"; sourceTree = "<group>"; };
		E15C779121EF16E100472B02 /* UIApplication+Extensions.swift */ = {isa = PBXFileReference; fileEncoding = 4; lastKnownFileType = sourcecode.swift; path = "UIApplication+Extensions.swift"; sourceTree = "<group>"; };
		E15C779221EF16E100472B02 /* UIAlertController+Extensions.swift */ = {isa = PBXFileReference; fileEncoding = 4; lastKnownFileType = sourcecode.swift; path = "UIAlertController+Extensions.swift"; sourceTree = "<group>"; };
		E15C779321EF16E100472B02 /* Optional+Extensions.swift */ = {isa = PBXFileReference; fileEncoding = 4; lastKnownFileType = sourcecode.swift; path = "Optional+Extensions.swift"; sourceTree = "<group>"; };
		E15C779421EF16E100472B02 /* Common+Extensions.swift */ = {isa = PBXFileReference; fileEncoding = 4; lastKnownFileType = sourcecode.swift; path = "Common+Extensions.swift"; sourceTree = "<group>"; };
		E15C779521EF16E100472B02 /* Locale+Extensions.swift */ = {isa = PBXFileReference; fileEncoding = 4; lastKnownFileType = sourcecode.swift; path = "Locale+Extensions.swift"; sourceTree = "<group>"; };
		E15C779621EF16E100472B02 /* UITextField+Extensions.swift */ = {isa = PBXFileReference; fileEncoding = 4; lastKnownFileType = sourcecode.swift; path = "UITextField+Extensions.swift"; sourceTree = "<group>"; };
		E15C779921EF16E100472B02 /* AttributedTextBlock.swift */ = {isa = PBXFileReference; fileEncoding = 4; lastKnownFileType = sourcecode.swift; path = AttributedTextBlock.swift; sourceTree = "<group>"; };
		E15C779A21EF16E100472B02 /* TextViewController.swift */ = {isa = PBXFileReference; fileEncoding = 4; lastKnownFileType = sourcecode.swift; path = TextViewController.swift; sourceTree = "<group>"; };
		E15C779D21EF16E100472B02 /* Countries.bundle */ = {isa = PBXFileReference; lastKnownFileType = "wrapper.plug-in"; path = Countries.bundle; sourceTree = "<group>"; };
		E15C779F21EF16E100472B02 /* LocaleStore.swift */ = {isa = PBXFileReference; fileEncoding = 4; lastKnownFileType = sourcecode.swift; path = LocaleStore.swift; sourceTree = "<group>"; };
		E15C77A121EF16E100472B02 /* LocaleInfo.swift */ = {isa = PBXFileReference; fileEncoding = 4; lastKnownFileType = sourcecode.swift; path = LocaleInfo.swift; sourceTree = "<group>"; };
		E15C77A221EF16E100472B02 /* LocalePickerViewController.swift */ = {isa = PBXFileReference; fileEncoding = 4; lastKnownFileType = sourcecode.swift; path = LocalePickerViewController.swift; sourceTree = "<group>"; };
		E15C77A421EF16E100472B02 /* PhoneCodeCell.swift */ = {isa = PBXFileReference; fileEncoding = 4; lastKnownFileType = sourcecode.swift; path = PhoneCodeCell.swift; sourceTree = "<group>"; };
		E15C77A521EF16E100472B02 /* CurrencyCell.swift */ = {isa = PBXFileReference; fileEncoding = 4; lastKnownFileType = sourcecode.swift; path = CurrencyCell.swift; sourceTree = "<group>"; };
		E15C77A621EF16E100472B02 /* CountryCell.swift */ = {isa = PBXFileReference; fileEncoding = 4; lastKnownFileType = sourcecode.swift; path = CountryCell.swift; sourceTree = "<group>"; };
		E15C77A821EF16E100472B02 /* TwoTextFieldsViewController.swift */ = {isa = PBXFileReference; fileEncoding = 4; lastKnownFileType = sourcecode.swift; path = TwoTextFieldsViewController.swift; sourceTree = "<group>"; };
		E15C77A921EF16E100472B02 /* OneTextFieldViewController.swift */ = {isa = PBXFileReference; fileEncoding = 4; lastKnownFileType = sourcecode.swift; path = OneTextFieldViewController.swift; sourceTree = "<group>"; };
		E15C77AC21EF16E100472B02 /* Assets.swift */ = {isa = PBXFileReference; fileEncoding = 4; lastKnownFileType = sourcecode.swift; path = Assets.swift; sourceTree = "<group>"; };
		E15C77AD21EF16E100472B02 /* PhotoLibraryPickerViewController.swift */ = {isa = PBXFileReference; fileEncoding = 4; lastKnownFileType = sourcecode.swift; path = PhotoLibraryPickerViewController.swift; sourceTree = "<group>"; };
		E15C77AF21EF16E100472B02 /* LocationSearchResultsViewController.swift */ = {isa = PBXFileReference; fileEncoding = 4; lastKnownFileType = sourcecode.swift; path = LocationSearchResultsViewController.swift; sourceTree = "<group>"; };
		E15C77B021EF16E100472B02 /* LocationPickerViewController.swift */ = {isa = PBXFileReference; fileEncoding = 4; lastKnownFileType = sourcecode.swift; path = LocationPickerViewController.swift; sourceTree = "<group>"; };
		E15C77B221EF16E100472B02 /* SearchHistoryManager.swift */ = {isa = PBXFileReference; fileEncoding = 4; lastKnownFileType = sourcecode.swift; path = SearchHistoryManager.swift; sourceTree = "<group>"; };
		E15C77B421EF16E100472B02 /* Location.swift */ = {isa = PBXFileReference; fileEncoding = 4; lastKnownFileType = sourcecode.swift; path = Location.swift; sourceTree = "<group>"; };
		E15C77B521EF16E100472B02 /* Address.swift */ = {isa = PBXFileReference; fileEncoding = 4; lastKnownFileType = sourcecode.swift; path = Address.swift; sourceTree = "<group>"; };
		E15C77B721EF16E100472B02 /* PickerViewViewController.swift */ = {isa = PBXFileReference; fileEncoding = 4; lastKnownFileType = sourcecode.swift; path = PickerViewViewController.swift; sourceTree = "<group>"; };
		E15C77B921EF16E100472B02 /* ContactsPickerViewController.swift */ = {isa = PBXFileReference; fileEncoding = 4; lastKnownFileType = sourcecode.swift; path = ContactsPickerViewController.swift; sourceTree = "<group>"; };
		E15C77BB21EF16E100472B02 /* Contacts.swift */ = {isa = PBXFileReference; fileEncoding = 4; lastKnownFileType = sourcecode.swift; path = Contacts.swift; sourceTree = "<group>"; };
		E15C77BD21EF16E100472B02 /* Contact.swift */ = {isa = PBXFileReference; fileEncoding = 4; lastKnownFileType = sourcecode.swift; path = Contact.swift; sourceTree = "<group>"; };
		E15C77BF21EF16E100472B02 /* ContactCell.swift */ = {isa = PBXFileReference; fileEncoding = 4; lastKnownFileType = sourcecode.swift; path = ContactCell.swift; sourceTree = "<group>"; };
		E15C77C121EF16E100472B02 /* ColorPickerViewController.swift */ = {isa = PBXFileReference; fileEncoding = 4; lastKnownFileType = sourcecode.swift; path = ColorPickerViewController.swift; sourceTree = "<group>"; };
		E15C77C321EF16E100472B02 /* DatePickerViewController.swift */ = {isa = PBXFileReference; fileEncoding = 4; lastKnownFileType = sourcecode.swift; path = DatePickerViewController.swift; sourceTree = "<group>"; };
		E15C77C521EF16E100472B02 /* ImagePickerViewController.swift */ = {isa = PBXFileReference; fileEncoding = 4; lastKnownFileType = sourcecode.swift; path = ImagePickerViewController.swift; sourceTree = "<group>"; };
		E15C77C721EF16E100472B02 /* ItemWithImage.swift */ = {isa = PBXFileReference; fileEncoding = 4; lastKnownFileType = sourcecode.swift; path = ItemWithImage.swift; sourceTree = "<group>"; };
		E15C77CA21EF16E100472B02 /* PhotoLayout.swift */ = {isa = PBXFileReference; fileEncoding = 4; lastKnownFileType = sourcecode.swift; path = PhotoLayout.swift; sourceTree = "<group>"; };
		E15C77CB21EF16E100472B02 /* TelegramPickerViewController.swift */ = {isa = PBXFileReference; fileEncoding = 4; lastKnownFileType = sourcecode.swift; path = TelegramPickerViewController.swift; sourceTree = "<group>"; };
		E15C77CD21EF16E100472B02 /* ItemWithPhoto.swift */ = {isa = PBXFileReference; fileEncoding = 4; lastKnownFileType = sourcecode.swift; path = ItemWithPhoto.swift; sourceTree = "<group>"; };
		E15C77CE21EF16E100472B02 /* LikeButtonCell.swift */ = {isa = PBXFileReference; fileEncoding = 4; lastKnownFileType = sourcecode.swift; path = LikeButtonCell.swift; sourceTree = "<group>"; };
		E15C77D021EF16E100472B02 /* Label.swift */ = {isa = PBXFileReference; fileEncoding = 4; lastKnownFileType = sourcecode.swift; path = Label.swift; sourceTree = "<group>"; };
		E15C77D121EF16E100472B02 /* SegmentedControl.swift */ = {isa = PBXFileReference; fileEncoding = 4; lastKnownFileType = sourcecode.swift; path = SegmentedControl.swift; sourceTree = "<group>"; };
		E15C77D221EF16E100472B02 /* GradientSlider.swift */ = {isa = PBXFileReference; fileEncoding = 4; lastKnownFileType = sourcecode.swift; path = GradientSlider.swift; sourceTree = "<group>"; };
		E15C77D321EF16E100472B02 /* TextField.swift */ = {isa = PBXFileReference; fileEncoding = 4; lastKnownFileType = sourcecode.swift; path = TextField.swift; sourceTree = "<group>"; };
		E15C77D421EF16E100472B02 /* Button.swift */ = {isa = PBXFileReference; fileEncoding = 4; lastKnownFileType = sourcecode.swift; path = Button.swift; sourceTree = "<group>"; };
		E15C780A21EF28DF00472B02 /* PushMessageUtil.swift */ = {isa = PBXFileReference; lastKnownFileType = sourcecode.swift; path = PushMessageUtil.swift; sourceTree = "<group>"; };
		E168BD08219F178800D8EDB2 /* SubViewController.swift */ = {isa = PBXFileReference; lastKnownFileType = sourcecode.swift; path = SubViewController.swift; sourceTree = "<group>"; };
		E168BD0A21A0ECC600D8EDB2 /* MyViewController.swift */ = {isa = PBXFileReference; lastKnownFileType = sourcecode.swift; path = MyViewController.swift; sourceTree = "<group>"; };
		E168BD0C21A0F0C200D8EDB2 /* my.plist */ = {isa = PBXFileReference; lastKnownFileType = text.plist.xml; path = my.plist; sourceTree = "<group>"; };
		E16BDBE121A1BC7800448D16 /* TodoViewController.swift */ = {isa = PBXFileReference; lastKnownFileType = sourcecode.swift; path = TodoViewController.swift; sourceTree = "<group>"; };
		E16BDBE321A1BCA000448D16 /* AnalysisViewController.swift */ = {isa = PBXFileReference; lastKnownFileType = sourcecode.swift; path = AnalysisViewController.swift; sourceTree = "<group>"; };
		E16BDBE521A1BCA900448D16 /* WorldViewController.swift */ = {isa = PBXFileReference; lastKnownFileType = sourcecode.swift; path = WorldViewController.swift; sourceTree = "<group>"; };
		E16BDBE721A624E700448D16 /* DetailViewController.swift */ = {isa = PBXFileReference; lastKnownFileType = sourcecode.swift; path = DetailViewController.swift; sourceTree = "<group>"; };
		E17B7ACB21E0B07B001AB5AB /* TableViewCell.swift */ = {isa = PBXFileReference; lastKnownFileType = sourcecode.swift; path = TableViewCell.swift; sourceTree = "<group>"; };
		E17B7ACC21E0B07B001AB5AB /* TableViewCell.xib */ = {isa = PBXFileReference; lastKnownFileType = file.xib; path = TableViewCell.xib; sourceTree = "<group>"; };
		E17B7ACF21E19746001AB5AB /* AlertUtil.swift */ = {isa = PBXFileReference; lastKnownFileType = sourcecode.swift; path = AlertUtil.swift; sourceTree = "<group>"; };
/* End PBXFileReference section */

/* Begin PBXFrameworksBuildPhase section */
		E14D835C219C7858004F3B34 /* Frameworks */ = {
			isa = PBXFrameworksBuildPhase;
			buildActionMask = 2147483647;
			files = (
				180D6F0021A9319B00D62A6D /* libsqlite3.tbd in Frameworks */,
				D9BA66986304CCD8C90A8400 /* Pods_split.framework in Frameworks */,
			);
			runOnlyForDeploymentPostprocessing = 0;
		};
		E14D8370219C785B004F3B34 /* Frameworks */ = {
			isa = PBXFrameworksBuildPhase;
			buildActionMask = 2147483647;
			files = (
			);
			runOnlyForDeploymentPostprocessing = 0;
		};
		E14D837B219C785B004F3B34 /* Frameworks */ = {
			isa = PBXFrameworksBuildPhase;
			buildActionMask = 2147483647;
			files = (
			);
			runOnlyForDeploymentPostprocessing = 0;
		};
/* End PBXFrameworksBuildPhase section */

/* Begin PBXGroup section */
		82C06E5E9EBC505ED02DB14F /* Pods */ = {
			isa = PBXGroup;
			children = (
				5BA51CC5F0C2CD48B9FB2036 /* Pods-split.debug.xcconfig */,
				BE3FF63475A58BD80F1454A5 /* Pods-split.release.xcconfig */,
			);
			name = Pods;
			sourceTree = "<group>";
		};
		E12CD38921C5DBB40030E530 /* utils */ = {
			isa = PBXGroup;
			children = (
				180D6F0521A9356100D62A6D /* SqliteManager.swift */,
				E12CD38A21C5DBDC0030E530 /* HttpUtil.swift */,
				E17B7ACF21E19746001AB5AB /* AlertUtil.swift */,
				E15C780A21EF28DF00472B02 /* PushMessageUtil.swift */,
			);
			path = utils;
			sourceTree = "<group>";
		};
		E14D8356219C7858004F3B34 = {
			isa = PBXGroup;
			children = (
				E15C778421EF16E100472B02 /* Source */,
				E14D8361219C7858004F3B34 /* split */,
				E14D8376219C785B004F3B34 /* splitTests */,
				E14D8381219C785B004F3B34 /* splitUITests */,
				E14D8360219C7858004F3B34 /* Products */,
				82C06E5E9EBC505ED02DB14F /* Pods */,
				ED6B5E33C2331A831E00E0A5 /* Frameworks */,
			);
			sourceTree = "<group>";
		};
		E14D8360219C7858004F3B34 /* Products */ = {
			isa = PBXGroup;
			children = (
				E14D835F219C7858004F3B34 /* split.app */,
				E14D8373219C785B004F3B34 /* splitTests.xctest */,
				E14D837E219C785B004F3B34 /* splitUITests.xctest */,
			);
			name = Products;
			sourceTree = "<group>";
		};
		E14D8361219C7858004F3B34 /* split */ = {
			isa = PBXGroup;
			children = (
				E12CD38921C5DBB40030E530 /* utils */,
				E16BDBE021A1BC3C00448D16 /* ViewControllers */,
				E168BD0E21A0F31500D8EDB2 /* plists */,
				E14D8366219C7858004F3B34 /* Main.storyboard */,
				E14D8362219C7858004F3B34 /* AppDelegate.swift */,
				E14D8369219C785B004F3B34 /* Assets.xcassets */,
				18CCAD4221B825CF00B8DDF1 /* time_cell.jpeg */,
				E14D836B219C785B004F3B34 /* LaunchScreen.storyboard */,
				E14D836E219C785B004F3B34 /* Info.plist */,
				18CCAD3E21B8258B00B8DDF1 /* TimeTableViewCell.swift */,
				18CCAD3F21B8258B00B8DDF1 /* TimeTableViewCell.xib */,
				E10BA2F221BBAB510010DA0B /* Sub.storyboard */,
			);
			path = split;
			sourceTree = "<group>";
		};
		E14D8376219C785B004F3B34 /* splitTests */ = {
			isa = PBXGroup;
			children = (
				E14D8377219C785B004F3B34 /* splitTests.swift */,
				E14D8379219C785B004F3B34 /* Info.plist */,
			);
			path = splitTests;
			sourceTree = "<group>";
		};
		E14D8381219C785B004F3B34 /* splitUITests */ = {
			isa = PBXGroup;
			children = (
				E14D8382219C785B004F3B34 /* splitUITests.swift */,
				E14D8384219C785B004F3B34 /* Info.plist */,
			);
			path = splitUITests;
			sourceTree = "<group>";
		};
		E15C778421EF16E100472B02 /* Source */ = {
			isa = PBXGroup;
			children = (
				E15C778521EF16E100472B02 /* Extensions */,
				E15C779721EF16E100472B02 /* Viewers */,
				E15C779B21EF16E100472B02 /* Pickers */,
				E15C77CF21EF16E100472B02 /* Views */,
			);
			path = Source;
			sourceTree = "<group>";
		};
		E15C778521EF16E100472B02 /* Extensions */ = {
			isa = PBXGroup;
			children = (
				E15C778621EF16E100472B02 /* Array+Extensions.swift */,
				E15C778721EF16E100472B02 /* UISegmentedControl+Extensions.swift */,
				E15C778821EF16E100472B02 /* UIImageView+Extensions.swift */,
				E15C778921EF16E100472B02 /* UIViewController+Extensions.swift */,
				E15C778A21EF16E100472B02 /* UIView+Extensions.swift */,
				E15C778B21EF16E100472B02 /* Date+Extension.swift */,
				E15C778C21EF16E100472B02 /* String+Extensions.swift */,
				E15C778D21EF16E100472B02 /* UITextView+Extensions.swift */,
				E15C778E21EF16E100472B02 /* UIColor+Extensions.swift */,
				E15C778F21EF16E100472B02 /* UIImage+Extensions.swift */,
				E15C779021EF16E100472B02 /* UISearchBar+Extensions.swift */,
				E15C779121EF16E100472B02 /* UIApplication+Extensions.swift */,
				E15C779221EF16E100472B02 /* UIAlertController+Extensions.swift */,
				E15C779321EF16E100472B02 /* Optional+Extensions.swift */,
				E15C779421EF16E100472B02 /* Common+Extensions.swift */,
				E15C779521EF16E100472B02 /* Locale+Extensions.swift */,
				E15C779621EF16E100472B02 /* UITextField+Extensions.swift */,
			);
			path = Extensions;
			sourceTree = "<group>";
		};
		E15C779721EF16E100472B02 /* Viewers */ = {
			isa = PBXGroup;
			children = (
				E15C779821EF16E100472B02 /* Models */,
				E15C779A21EF16E100472B02 /* TextViewController.swift */,
			);
			path = Viewers;
			sourceTree = "<group>";
		};
		E15C779821EF16E100472B02 /* Models */ = {
			isa = PBXGroup;
			children = (
				E15C779921EF16E100472B02 /* AttributedTextBlock.swift */,
			);
			path = Models;
			sourceTree = "<group>";
		};
		E15C779B21EF16E100472B02 /* Pickers */ = {
			isa = PBXGroup;
			children = (
				E15C779C21EF16E100472B02 /* Locale */,
				E15C77A721EF16E100472B02 /* TextFields */,
				E15C77AA21EF16E100472B02 /* PhotoLibrary */,
				E15C77AE21EF16E100472B02 /* Location */,
				E15C77B621EF16E100472B02 /* PickerView */,
				E15C77B821EF16E100472B02 /* Contacts */,
				E15C77C021EF16E100472B02 /* Color */,
				E15C77C221EF16E100472B02 /* Date */,
				E15C77C421EF16E100472B02 /* Image */,
				E15C77C821EF16E100472B02 /* Telegram */,
			);
			path = Pickers;
			sourceTree = "<group>";
		};
		E15C779C21EF16E100472B02 /* Locale */ = {
			isa = PBXGroup;
			children = (
				E15C779D21EF16E100472B02 /* Countries.bundle */,
				E15C779E21EF16E100472B02 /* Managers */,
				E15C77A021EF16E100472B02 /* Models */,
				E15C77A221EF16E100472B02 /* LocalePickerViewController.swift */,
				E15C77A321EF16E100472B02 /* Views */,
			);
			path = Locale;
			sourceTree = "<group>";
		};
		E15C779E21EF16E100472B02 /* Managers */ = {
			isa = PBXGroup;
			children = (
				E15C779F21EF16E100472B02 /* LocaleStore.swift */,
			);
			path = Managers;
			sourceTree = "<group>";
		};
		E15C77A021EF16E100472B02 /* Models */ = {
			isa = PBXGroup;
			children = (
				E15C77A121EF16E100472B02 /* LocaleInfo.swift */,
			);
			path = Models;
			sourceTree = "<group>";
		};
		E15C77A321EF16E100472B02 /* Views */ = {
			isa = PBXGroup;
			children = (
				E15C77A421EF16E100472B02 /* PhoneCodeCell.swift */,
				E15C77A521EF16E100472B02 /* CurrencyCell.swift */,
				E15C77A621EF16E100472B02 /* CountryCell.swift */,
			);
			path = Views;
			sourceTree = "<group>";
		};
		E15C77A721EF16E100472B02 /* TextFields */ = {
			isa = PBXGroup;
			children = (
				E15C77A821EF16E100472B02 /* TwoTextFieldsViewController.swift */,
				E15C77A921EF16E100472B02 /* OneTextFieldViewController.swift */,
			);
			path = TextFields;
			sourceTree = "<group>";
		};
		E15C77AA21EF16E100472B02 /* PhotoLibrary */ = {
			isa = PBXGroup;
			children = (
				E15C77AB21EF16E100472B02 /* Managers */,
				E15C77AD21EF16E100472B02 /* PhotoLibraryPickerViewController.swift */,
			);
			path = PhotoLibrary;
			sourceTree = "<group>";
		};
		E15C77AB21EF16E100472B02 /* Managers */ = {
			isa = PBXGroup;
			children = (
				E15C77AC21EF16E100472B02 /* Assets.swift */,
			);
			path = Managers;
			sourceTree = "<group>";
		};
		E15C77AE21EF16E100472B02 /* Location */ = {
			isa = PBXGroup;
			children = (
				E15C77AF21EF16E100472B02 /* LocationSearchResultsViewController.swift */,
				E15C77B021EF16E100472B02 /* LocationPickerViewController.swift */,
				E15C77B121EF16E100472B02 /* Managers */,
				E15C77B321EF16E100472B02 /* Models */,
			);
			path = Location;
			sourceTree = "<group>";
		};
		E15C77B121EF16E100472B02 /* Managers */ = {
			isa = PBXGroup;
			children = (
				E15C77B221EF16E100472B02 /* SearchHistoryManager.swift */,
			);
			path = Managers;
			sourceTree = "<group>";
		};
		E15C77B321EF16E100472B02 /* Models */ = {
			isa = PBXGroup;
			children = (
				E15C77B421EF16E100472B02 /* Location.swift */,
				E15C77B521EF16E100472B02 /* Address.swift */,
			);
			path = Models;
			sourceTree = "<group>";
		};
		E15C77B621EF16E100472B02 /* PickerView */ = {
			isa = PBXGroup;
			children = (
				E15C77B721EF16E100472B02 /* PickerViewViewController.swift */,
			);
			path = PickerView;
			sourceTree = "<group>";
		};
		E15C77B821EF16E100472B02 /* Contacts */ = {
			isa = PBXGroup;
			children = (
				E15C77B921EF16E100472B02 /* ContactsPickerViewController.swift */,
				E15C77BA21EF16E100472B02 /* Managers */,
				E15C77BC21EF16E100472B02 /* Models */,
				E15C77BE21EF16E100472B02 /* Views */,
			);
			path = Contacts;
			sourceTree = "<group>";
		};
		E15C77BA21EF16E100472B02 /* Managers */ = {
			isa = PBXGroup;
			children = (
				E15C77BB21EF16E100472B02 /* Contacts.swift */,
			);
			path = Managers;
			sourceTree = "<group>";
		};
		E15C77BC21EF16E100472B02 /* Models */ = {
			isa = PBXGroup;
			children = (
				E15C77BD21EF16E100472B02 /* Contact.swift */,
			);
			path = Models;
			sourceTree = "<group>";
		};
		E15C77BE21EF16E100472B02 /* Views */ = {
			isa = PBXGroup;
			children = (
				E15C77BF21EF16E100472B02 /* ContactCell.swift */,
			);
			path = Views;
			sourceTree = "<group>";
		};
		E15C77C021EF16E100472B02 /* Color */ = {
			isa = PBXGroup;
			children = (
				E15C77C121EF16E100472B02 /* ColorPickerViewController.swift */,
			);
			path = Color;
			sourceTree = "<group>";
		};
		E15C77C221EF16E100472B02 /* Date */ = {
			isa = PBXGroup;
			children = (
				E15C77C321EF16E100472B02 /* DatePickerViewController.swift */,
			);
			path = Date;
			sourceTree = "<group>";
		};
		E15C77C421EF16E100472B02 /* Image */ = {
			isa = PBXGroup;
			children = (
				E15C77C521EF16E100472B02 /* ImagePickerViewController.swift */,
				E15C77C621EF16E100472B02 /* Views */,
			);
			path = Image;
			sourceTree = "<group>";
		};
		E15C77C621EF16E100472B02 /* Views */ = {
			isa = PBXGroup;
			children = (
				E15C77C721EF16E100472B02 /* ItemWithImage.swift */,
			);
			path = Views;
			sourceTree = "<group>";
		};
		E15C77C821EF16E100472B02 /* Telegram */ = {
			isa = PBXGroup;
			children = (
				E15C77C921EF16E100472B02 /* Layouts */,
				E15C77CB21EF16E100472B02 /* TelegramPickerViewController.swift */,
				E15C77CC21EF16E100472B02 /* Views */,
			);
			path = Telegram;
			sourceTree = "<group>";
		};
		E15C77C921EF16E100472B02 /* Layouts */ = {
			isa = PBXGroup;
			children = (
				E15C77CA21EF16E100472B02 /* PhotoLayout.swift */,
			);
			path = Layouts;
			sourceTree = "<group>";
		};
		E15C77CC21EF16E100472B02 /* Views */ = {
			isa = PBXGroup;
			children = (
				E15C77CD21EF16E100472B02 /* ItemWithPhoto.swift */,
				E15C77CE21EF16E100472B02 /* LikeButtonCell.swift */,
			);
			path = Views;
			sourceTree = "<group>";
		};
		E15C77CF21EF16E100472B02 /* Views */ = {
			isa = PBXGroup;
			children = (
				E15C77D021EF16E100472B02 /* Label.swift */,
				E15C77D121EF16E100472B02 /* SegmentedControl.swift */,
				E15C77D221EF16E100472B02 /* GradientSlider.swift */,
				E15C77D321EF16E100472B02 /* TextField.swift */,
				E15C77D421EF16E100472B02 /* Button.swift */,
			);
			path = Views;
			sourceTree = "<group>";
		};
		E168BD0E21A0F31500D8EDB2 /* plists */ = {
			isa = PBXGroup;
			children = (
				E168BD0C21A0F0C200D8EDB2 /* my.plist */,
			);
			path = plists;
			sourceTree = "<group>";
		};
		E16BDBE021A1BC3C00448D16 /* ViewControllers */ = {
			isa = PBXGroup;
			children = (
				E168BD08219F178800D8EDB2 /* SubViewController.swift */,
				E14D8364219C7858004F3B34 /* MainViewController.swift */,
				E168BD0A21A0ECC600D8EDB2 /* MyViewController.swift */,
				E16BDBE121A1BC7800448D16 /* TodoViewController.swift */,
				E16BDBE321A1BCA000448D16 /* AnalysisViewController.swift */,
				E16BDBE521A1BCA900448D16 /* WorldViewController.swift */,
				E16BDBE721A624E700448D16 /* DetailViewController.swift */,
				180BC3C921B1AE1A0061D33A /* AddEventViewController.swift */,
				1890BCE021B2EFEF008E8236 /* AddElementViewController.swift */,
				1890BCE221B2EFFB008E8236 /* AddAchievementViewController.swift */,
				18CCAD4421B827C000B8DDF1 /* TimeLineViewController.swift */,
				E10BA2EC21BB704B0010DA0B /* ValuesTableViewController.swift */,
				E10BA2EE21BBAB120010DA0B /* RCTextViewController.swift */,
				E10BA2F021BBAB1A0010DA0B /* LongTextViewController.swift */,
				E17B7ACB21E0B07B001AB5AB /* TableViewCell.swift */,
				E17B7ACC21E0B07B001AB5AB /* TableViewCell.xib */,
				E156441021F09F9400D09593 /* TodoTableViewCell.swift */,
				E156441121F09F9400D09593 /* TodoTableViewCell.xib */,
			);
			path = ViewControllers;
			sourceTree = "<group>";
		};
		ED6B5E33C2331A831E00E0A5 /* Frameworks */ = {
			isa = PBXGroup;
			children = (
				180D6F0321A9321A00D62A6D /* fmdb */,
				180D6F0121A931EB00D62A6D /* FMDB */,
				180D6EFF21A9319B00D62A6D /* libsqlite3.tbd */,
				E0875012D365B4EC19946D13 /* Pods_split.framework */,
			);
			name = Frameworks;
			sourceTree = "<group>";
		};
/* End PBXGroup section */

/* Begin PBXNativeTarget section */
		E14D835E219C7858004F3B34 /* split */ = {
			isa = PBXNativeTarget;
			buildConfigurationList = E14D8387219C785B004F3B34 /* Build configuration list for PBXNativeTarget "split" */;
			buildPhases = (
				1C6E18AEBD5D2478336C1B33 /* [CP] Check Pods Manifest.lock */,
				E14D835B219C7858004F3B34 /* Sources */,
				E14D835C219C7858004F3B34 /* Frameworks */,
				E14D835D219C7858004F3B34 /* Resources */,
				427D07C99F2773EE8B99B0C7 /* [CP] Embed Pods Frameworks */,
			);
			buildRules = (
			);
			dependencies = (
			);
			name = split;
			productName = split;
			productReference = E14D835F219C7858004F3B34 /* split.app */;
			productType = "com.apple.product-type.application";
		};
		E14D8372219C785B004F3B34 /* splitTests */ = {
			isa = PBXNativeTarget;
			buildConfigurationList = E14D838A219C785B004F3B34 /* Build configuration list for PBXNativeTarget "splitTests" */;
			buildPhases = (
				E14D836F219C785B004F3B34 /* Sources */,
				E14D8370219C785B004F3B34 /* Frameworks */,
				E14D8371219C785B004F3B34 /* Resources */,
			);
			buildRules = (
			);
			dependencies = (
				E14D8375219C785B004F3B34 /* PBXTargetDependency */,
			);
			name = splitTests;
			productName = splitTests;
			productReference = E14D8373219C785B004F3B34 /* splitTests.xctest */;
			productType = "com.apple.product-type.bundle.unit-test";
		};
		E14D837D219C785B004F3B34 /* splitUITests */ = {
			isa = PBXNativeTarget;
			buildConfigurationList = E14D838D219C785B004F3B34 /* Build configuration list for PBXNativeTarget "splitUITests" */;
			buildPhases = (
				E14D837A219C785B004F3B34 /* Sources */,
				E14D837B219C785B004F3B34 /* Frameworks */,
				E14D837C219C785B004F3B34 /* Resources */,
			);
			buildRules = (
			);
			dependencies = (
				E14D8380219C785B004F3B34 /* PBXTargetDependency */,
			);
			name = splitUITests;
			productName = splitUITests;
			productReference = E14D837E219C785B004F3B34 /* splitUITests.xctest */;
			productType = "com.apple.product-type.bundle.ui-testing";
		};
/* End PBXNativeTarget section */

/* Begin PBXProject section */
		E14D8357219C7858004F3B34 /* Project object */ = {
			isa = PBXProject;
			attributes = {
				LastSwiftUpdateCheck = 1010;
				LastUpgradeCheck = 1010;
				ORGANIZATIONNAME = JackRyannn;
				TargetAttributes = {
					E14D835E219C7858004F3B34 = {
						CreatedOnToolsVersion = 10.1;
					};
					E14D8372219C785B004F3B34 = {
						CreatedOnToolsVersion = 10.1;
						TestTargetID = E14D835E219C7858004F3B34;
					};
					E14D837D219C785B004F3B34 = {
						CreatedOnToolsVersion = 10.1;
						TestTargetID = E14D835E219C7858004F3B34;
					};
				};
			};
			buildConfigurationList = E14D835A219C7858004F3B34 /* Build configuration list for PBXProject "split" */;
			compatibilityVersion = "Xcode 9.3";
			developmentRegion = en;
			hasScannedForEncodings = 0;
			knownRegions = (
				en,
				Base,
			);
			mainGroup = E14D8356219C7858004F3B34;
			productRefGroup = E14D8360219C7858004F3B34 /* Products */;
			projectDirPath = "";
			projectRoot = "";
			targets = (
				E14D835E219C7858004F3B34 /* split */,
				E14D8372219C785B004F3B34 /* splitTests */,
				E14D837D219C785B004F3B34 /* splitUITests */,
			);
		};
/* End PBXProject section */

/* Begin PBXResourcesBuildPhase section */
		E14D835D219C7858004F3B34 /* Resources */ = {
			isa = PBXResourcesBuildPhase;
			buildActionMask = 2147483647;
			files = (
				E168BD0F21A0F62000D8EDB2 /* my.plist in Resources */,
				E14D836D219C785B004F3B34 /* LaunchScreen.storyboard in Resources */,
				E14D836A219C785B004F3B34 /* Assets.xcassets in Resources */,
				E156441321F09F9400D09593 /* TodoTableViewCell.xib in Resources */,
				E14D8368219C7858004F3B34 /* Main.storyboard in Resources */,
				18CCAD4321B825CF00B8DDF1 /* time_cell.jpeg in Resources */,
				E17B7ACE21E0B07B001AB5AB /* TableViewCell.xib in Resources */,
				E10BA2F321BBAB510010DA0B /* Sub.storyboard in Resources */,
				E15C77E821EF16E100472B02 /* Countries.bundle in Resources */,
				18CCAD4121B8258B00B8DDF1 /* TimeTableViewCell.xib in Resources */,
			);
			runOnlyForDeploymentPostprocessing = 0;
		};
		E14D8371219C785B004F3B34 /* Resources */ = {
			isa = PBXResourcesBuildPhase;
			buildActionMask = 2147483647;
			files = (
				E168BD0D21A0F0C200D8EDB2 /* my.plist in Resources */,
			);
			runOnlyForDeploymentPostprocessing = 0;
		};
		E14D837C219C785B004F3B34 /* Resources */ = {
			isa = PBXResourcesBuildPhase;
			buildActionMask = 2147483647;
			files = (
			);
			runOnlyForDeploymentPostprocessing = 0;
		};
/* End PBXResourcesBuildPhase section */

/* Begin PBXShellScriptBuildPhase section */
		1C6E18AEBD5D2478336C1B33 /* [CP] Check Pods Manifest.lock */ = {
			isa = PBXShellScriptBuildPhase;
			buildActionMask = 2147483647;
			files = (
			);
			inputFileListPaths = (
			);
			inputPaths = (
				"${PODS_PODFILE_DIR_PATH}/Podfile.lock",
				"${PODS_ROOT}/Manifest.lock",
			);
			name = "[CP] Check Pods Manifest.lock";
			outputFileListPaths = (
			);
			outputPaths = (
				"$(DERIVED_FILE_DIR)/Pods-split-checkManifestLockResult.txt",
			);
			runOnlyForDeploymentPostprocessing = 0;
			shellPath = /bin/sh;
			shellScript = "diff \"${PODS_PODFILE_DIR_PATH}/Podfile.lock\" \"${PODS_ROOT}/Manifest.lock\" > /dev/null\nif [ $? != 0 ] ; then\n    # print error to STDERR\n    echo \"error: The sandbox is not in sync with the Podfile.lock. Run 'pod install' or update your CocoaPods installation.\" >&2\n    exit 1\nfi\n# This output is used by Xcode 'outputs' to avoid re-running this script phase.\necho \"SUCCESS\" > \"${SCRIPT_OUTPUT_FILE_0}\"\n";
			showEnvVarsInLog = 0;
		};
		427D07C99F2773EE8B99B0C7 /* [CP] Embed Pods Frameworks */ = {
			isa = PBXShellScriptBuildPhase;
			buildActionMask = 2147483647;
			files = (
			);
			inputFileListPaths = (
			);
			inputPaths = (
				"${SRCROOT}/Pods/Target Support Files/Pods-split/Pods-split-frameworks.sh",
				"${BUILT_PRODUCTS_DIR}/Alamofire/Alamofire.framework",
				"${BUILT_PRODUCTS_DIR}/FMDB/FMDB.framework",
			);
			name = "[CP] Embed Pods Frameworks";
			outputFileListPaths = (
			);
			outputPaths = (
				"${TARGET_BUILD_DIR}/${FRAMEWORKS_FOLDER_PATH}/Alamofire.framework",
				"${TARGET_BUILD_DIR}/${FRAMEWORKS_FOLDER_PATH}/FMDB.framework",
			);
			runOnlyForDeploymentPostprocessing = 0;
			shellPath = /bin/sh;
			shellScript = "\"${SRCROOT}/Pods/Target Support Files/Pods-split/Pods-split-frameworks.sh\"\n";
			showEnvVarsInLog = 0;
		};
/* End PBXShellScriptBuildPhase section */

/* Begin PBXSourcesBuildPhase section */
		E14D835B219C7858004F3B34 /* Sources */ = {
			isa = PBXSourcesBuildPhase;
			buildActionMask = 2147483647;
			files = (
				180BC3CA21B1AE1A0061D33A /* AddEventViewController.swift in Sources */,
				E16BDBE621A1BCA900448D16 /* WorldViewController.swift in Sources */,
				E15C77D921EF16E100472B02 /* UIView+Extensions.swift in Sources */,
				E10BA2F121BBAB1A0010DA0B /* LongTextViewController.swift in Sources */,
				E15C77F521EF16E100472B02 /* SearchHistoryManager.swift in Sources */,
				1890BCE321B2EFFB008E8236 /* AddAchievementViewController.swift in Sources */,
				E15C77D821EF16E100472B02 /* UIViewController+Extensions.swift in Sources */,
				E15C77E021EF16E100472B02 /* UIApplication+Extensions.swift in Sources */,
				E15C77FB21EF16E100472B02 /* Contact.swift in Sources */,
				E15C77DD21EF16E100472B02 /* UIColor+Extensions.swift in Sources */,
				E17B7ACD21E0B07B001AB5AB /* TableViewCell.swift in Sources */,
				E10BA2ED21BB704B0010DA0B /* ValuesTableViewController.swift in Sources */,
				E16BDBE221A1BC7800448D16 /* TodoViewController.swift in Sources */,
				E15C77DF21EF16E100472B02 /* UISearchBar+Extensions.swift in Sources */,
				E15C780521EF16E100472B02 /* Label.swift in Sources */,
				18CCAD4021B8258B00B8DDF1 /* TimeTableViewCell.swift in Sources */,
				E15C77F021EF16E100472B02 /* OneTextFieldViewController.swift in Sources */,
				E15C77E221EF16E100472B02 /* Optional+Extensions.swift in Sources */,
				E15C77F621EF16E100472B02 /* Location.swift in Sources */,
				E15C77D721EF16E100472B02 /* UIImageView+Extensions.swift in Sources */,
				E15C77F721EF16E100472B02 /* Address.swift in Sources */,
				E15C77E521EF16E100472B02 /* UITextField+Extensions.swift in Sources */,
				E17B7AD021E19746001AB5AB /* AlertUtil.swift in Sources */,
				E15C77F821EF16E100472B02 /* PickerViewViewController.swift in Sources */,
				E15C780B21EF28DF00472B02 /* PushMessageUtil.swift in Sources */,
				E15C77EF21EF16E100472B02 /* TwoTextFieldsViewController.swift in Sources */,
				E15C77FA21EF16E100472B02 /* Contacts.swift in Sources */,
				E15C77EE21EF16E100472B02 /* CountryCell.swift in Sources */,
				E15C780021EF16E100472B02 /* ItemWithImage.swift in Sources */,
				E15C780321EF16E100472B02 /* ItemWithPhoto.swift in Sources */,
				E15C77F321EF16E100472B02 /* LocationSearchResultsViewController.swift in Sources */,
				E14D8365219C7858004F3B34 /* MainViewController.swift in Sources */,
				E15C77DB21EF16E100472B02 /* String+Extensions.swift in Sources */,
				E15C77D621EF16E100472B02 /* UISegmentedControl+Extensions.swift in Sources */,
				E15C77E621EF16E100472B02 /* AttributedTextBlock.swift in Sources */,
				E15C780721EF16E100472B02 /* GradientSlider.swift in Sources */,
				E15C77FC21EF16E100472B02 /* ContactCell.swift in Sources */,
				E15C77DC21EF16E100472B02 /* UITextView+Extensions.swift in Sources */,
				E15C77D521EF16E100472B02 /* Array+Extensions.swift in Sources */,
				E15C77F121EF16E100472B02 /* Assets.swift in Sources */,
				E15C77DA21EF16E100472B02 /* Date+Extension.swift in Sources */,
				E12CD38B21C5DBDC0030E530 /* HttpUtil.swift in Sources */,
				E10BA2EF21BBAB120010DA0B /* RCTextViewController.swift in Sources */,
				E16BDBE421A1BCA000448D16 /* AnalysisViewController.swift in Sources */,
				E15C780921EF16E100472B02 /* Button.swift in Sources */,
				E14D8363219C7858004F3B34 /* AppDelegate.swift in Sources */,
				E15C780621EF16E100472B02 /* SegmentedControl.swift in Sources */,
				E15C77F921EF16E100472B02 /* ContactsPickerViewController.swift in Sources */,
				E15C780421EF16E100472B02 /* LikeButtonCell.swift in Sources */,
				E15C77F221EF16E100472B02 /* PhotoLibraryPickerViewController.swift in Sources */,
				E15C77ED21EF16E100472B02 /* CurrencyCell.swift in Sources */,
				E15C780221EF16E100472B02 /* TelegramPickerViewController.swift in Sources */,
				E15C77E121EF16E100472B02 /* UIAlertController+Extensions.swift in Sources */,
				E168BD0B21A0ECC600D8EDB2 /* MyViewController.swift in Sources */,
				E15C77F421EF16E100472B02 /* LocationPickerViewController.swift in Sources */,
				E15C77E321EF16E100472B02 /* Common+Extensions.swift in Sources */,
				E15C77EC21EF16E100472B02 /* PhoneCodeCell.swift in Sources */,
				E15C780821EF16E100472B02 /* TextField.swift in Sources */,
				E15C77E421EF16E100472B02 /* Locale+Extensions.swift in Sources */,
				E15C77EB21EF16E100472B02 /* LocalePickerViewController.swift in Sources */,
				E15C77FD21EF16E100472B02 /* ColorPickerViewController.swift in Sources */,
				E15C780121EF16E100472B02 /* PhotoLayout.swift in Sources */,
				18CCAD4521B827C000B8DDF1 /* TimeLineViewController.swift in Sources */,
				E15C77E921EF16E100472B02 /* LocaleStore.swift in Sources */,
				E15C77FE21EF16E100472B02 /* DatePickerViewController.swift in Sources */,
				180D6F0621A9356100D62A6D /* SqliteManager.swift in Sources */,
				E15C77EA21EF16E100472B02 /* LocaleInfo.swift in Sources */,
				E15C77FF21EF16E100472B02 /* ImagePickerViewController.swift in Sources */,
				E168BD09219F178800D8EDB2 /* SubViewController.swift in Sources */,
				E15C77DE21EF16E100472B02 /* UIImage+Extensions.swift in Sources */,
				E16BDBE821A624E700448D16 /* DetailViewController.swift in Sources */,
				1890BCE121B2EFEF008E8236 /* AddElementViewController.swift in Sources */,
				E15C77E721EF16E100472B02 /* TextViewController.swift in Sources */,
				E156441221F09F9400D09593 /* TodoTableViewCell.swift in Sources */,
			);
			runOnlyForDeploymentPostprocessing = 0;
		};
		E14D836F219C785B004F3B34 /* Sources */ = {
			isa = PBXSourcesBuildPhase;
			buildActionMask = 2147483647;
			files = (
				E14D8378219C785B004F3B34 /* splitTests.swift in Sources */,
			);
			runOnlyForDeploymentPostprocessing = 0;
		};
		E14D837A219C785B004F3B34 /* Sources */ = {
			isa = PBXSourcesBuildPhase;
			buildActionMask = 2147483647;
			files = (
				E14D8383219C785B004F3B34 /* splitUITests.swift in Sources */,
			);
			runOnlyForDeploymentPostprocessing = 0;
		};
/* End PBXSourcesBuildPhase section */

/* Begin PBXTargetDependency section */
		E14D8375219C785B004F3B34 /* PBXTargetDependency */ = {
			isa = PBXTargetDependency;
			target = E14D835E219C7858004F3B34 /* split */;
			targetProxy = E14D8374219C785B004F3B34 /* PBXContainerItemProxy */;
		};
		E14D8380219C785B004F3B34 /* PBXTargetDependency */ = {
			isa = PBXTargetDependency;
			target = E14D835E219C7858004F3B34 /* split */;
			targetProxy = E14D837F219C785B004F3B34 /* PBXContainerItemProxy */;
		};
/* End PBXTargetDependency section */

/* Begin PBXVariantGroup section */
		E14D8366219C7858004F3B34 /* Main.storyboard */ = {
			isa = PBXVariantGroup;
			children = (
				E14D8367219C7858004F3B34 /* Base */,
			);
			name = Main.storyboard;
			sourceTree = "<group>";
		};
		E14D836B219C785B004F3B34 /* LaunchScreen.storyboard */ = {
			isa = PBXVariantGroup;
			children = (
				E14D836C219C785B004F3B34 /* Base */,
			);
			name = LaunchScreen.storyboard;
			sourceTree = "<group>";
		};
/* End PBXVariantGroup section */

/* Begin XCBuildConfiguration section */
		E14D8385219C785B004F3B34 /* Debug */ = {
			isa = XCBuildConfiguration;
			buildSettings = {
				ALWAYS_SEARCH_USER_PATHS = NO;
				CLANG_ANALYZER_NONNULL = YES;
				CLANG_ANALYZER_NUMBER_OBJECT_CONVERSION = YES_AGGRESSIVE;
				CLANG_CXX_LANGUAGE_STANDARD = "gnu++14";
				CLANG_CXX_LIBRARY = "libc++";
				CLANG_ENABLE_MODULES = YES;
				CLANG_ENABLE_OBJC_ARC = YES;
				CLANG_ENABLE_OBJC_WEAK = YES;
				CLANG_WARN_BLOCK_CAPTURE_AUTORELEASING = YES;
				CLANG_WARN_BOOL_CONVERSION = YES;
				CLANG_WARN_COMMA = YES;
				CLANG_WARN_CONSTANT_CONVERSION = YES;
				CLANG_WARN_DEPRECATED_OBJC_IMPLEMENTATIONS = YES;
				CLANG_WARN_DIRECT_OBJC_ISA_USAGE = YES_ERROR;
				CLANG_WARN_DOCUMENTATION_COMMENTS = YES;
				CLANG_WARN_EMPTY_BODY = YES;
				CLANG_WARN_ENUM_CONVERSION = YES;
				CLANG_WARN_INFINITE_RECURSION = YES;
				CLANG_WARN_INT_CONVERSION = YES;
				CLANG_WARN_NON_LITERAL_NULL_CONVERSION = YES;
				CLANG_WARN_OBJC_IMPLICIT_RETAIN_SELF = YES;
				CLANG_WARN_OBJC_LITERAL_CONVERSION = YES;
				CLANG_WARN_OBJC_ROOT_CLASS = YES_ERROR;
				CLANG_WARN_RANGE_LOOP_ANALYSIS = YES;
				CLANG_WARN_STRICT_PROTOTYPES = YES;
				CLANG_WARN_SUSPICIOUS_MOVE = YES;
				CLANG_WARN_UNGUARDED_AVAILABILITY = YES_AGGRESSIVE;
				CLANG_WARN_UNREACHABLE_CODE = YES;
				CLANG_WARN__DUPLICATE_METHOD_MATCH = YES;
				CODE_SIGN_IDENTITY = "iPhone Developer";
				COPY_PHASE_STRIP = NO;
				DEBUG_INFORMATION_FORMAT = dwarf;
				ENABLE_STRICT_OBJC_MSGSEND = YES;
				ENABLE_TESTABILITY = YES;
				GCC_C_LANGUAGE_STANDARD = gnu11;
				GCC_DYNAMIC_NO_PIC = NO;
				GCC_NO_COMMON_BLOCKS = YES;
				GCC_OPTIMIZATION_LEVEL = 0;
				GCC_PREPROCESSOR_DEFINITIONS = (
					"DEBUG=1",
					"$(inherited)",
				);
				GCC_WARN_64_TO_32_BIT_CONVERSION = YES;
				GCC_WARN_ABOUT_RETURN_TYPE = YES_ERROR;
				GCC_WARN_UNDECLARED_SELECTOR = YES;
				GCC_WARN_UNINITIALIZED_AUTOS = YES_AGGRESSIVE;
				GCC_WARN_UNUSED_FUNCTION = YES;
				GCC_WARN_UNUSED_VARIABLE = YES;
				IPHONEOS_DEPLOYMENT_TARGET = 12.1;
				MTL_ENABLE_DEBUG_INFO = INCLUDE_SOURCE;
				MTL_FAST_MATH = YES;
				ONLY_ACTIVE_ARCH = YES;
				SDKROOT = iphoneos;
				SWIFT_ACTIVE_COMPILATION_CONDITIONS = DEBUG;
				SWIFT_OPTIMIZATION_LEVEL = "-Onone";
			};
			name = Debug;
		};
		E14D8386219C785B004F3B34 /* Release */ = {
			isa = XCBuildConfiguration;
			buildSettings = {
				ALWAYS_SEARCH_USER_PATHS = NO;
				CLANG_ANALYZER_NONNULL = YES;
				CLANG_ANALYZER_NUMBER_OBJECT_CONVERSION = YES_AGGRESSIVE;
				CLANG_CXX_LANGUAGE_STANDARD = "gnu++14";
				CLANG_CXX_LIBRARY = "libc++";
				CLANG_ENABLE_MODULES = YES;
				CLANG_ENABLE_OBJC_ARC = YES;
				CLANG_ENABLE_OBJC_WEAK = YES;
				CLANG_WARN_BLOCK_CAPTURE_AUTORELEASING = YES;
				CLANG_WARN_BOOL_CONVERSION = YES;
				CLANG_WARN_COMMA = YES;
				CLANG_WARN_CONSTANT_CONVERSION = YES;
				CLANG_WARN_DEPRECATED_OBJC_IMPLEMENTATIONS = YES;
				CLANG_WARN_DIRECT_OBJC_ISA_USAGE = YES_ERROR;
				CLANG_WARN_DOCUMENTATION_COMMENTS = YES;
				CLANG_WARN_EMPTY_BODY = YES;
				CLANG_WARN_ENUM_CONVERSION = YES;
				CLANG_WARN_INFINITE_RECURSION = YES;
				CLANG_WARN_INT_CONVERSION = YES;
				CLANG_WARN_NON_LITERAL_NULL_CONVERSION = YES;
				CLANG_WARN_OBJC_IMPLICIT_RETAIN_SELF = YES;
				CLANG_WARN_OBJC_LITERAL_CONVERSION = YES;
				CLANG_WARN_OBJC_ROOT_CLASS = YES_ERROR;
				CLANG_WARN_RANGE_LOOP_ANALYSIS = YES;
				CLANG_WARN_STRICT_PROTOTYPES = YES;
				CLANG_WARN_SUSPICIOUS_MOVE = YES;
				CLANG_WARN_UNGUARDED_AVAILABILITY = YES_AGGRESSIVE;
				CLANG_WARN_UNREACHABLE_CODE = YES;
				CLANG_WARN__DUPLICATE_METHOD_MATCH = YES;
				CODE_SIGN_IDENTITY = "iPhone Developer";
				COPY_PHASE_STRIP = NO;
				DEBUG_INFORMATION_FORMAT = "dwarf-with-dsym";
				ENABLE_NS_ASSERTIONS = NO;
				ENABLE_STRICT_OBJC_MSGSEND = YES;
				GCC_C_LANGUAGE_STANDARD = gnu11;
				GCC_NO_COMMON_BLOCKS = YES;
				GCC_WARN_64_TO_32_BIT_CONVERSION = YES;
				GCC_WARN_ABOUT_RETURN_TYPE = YES_ERROR;
				GCC_WARN_UNDECLARED_SELECTOR = YES;
				GCC_WARN_UNINITIALIZED_AUTOS = YES_AGGRESSIVE;
				GCC_WARN_UNUSED_FUNCTION = YES;
				GCC_WARN_UNUSED_VARIABLE = YES;
				IPHONEOS_DEPLOYMENT_TARGET = 12.1;
				MTL_ENABLE_DEBUG_INFO = NO;
				MTL_FAST_MATH = YES;
				SDKROOT = iphoneos;
				SWIFT_COMPILATION_MODE = wholemodule;
				SWIFT_OPTIMIZATION_LEVEL = "-O";
				VALIDATE_PRODUCT = YES;
			};
			name = Release;
		};
		E14D8388219C785B004F3B34 /* Debug */ = {
			isa = XCBuildConfiguration;
			baseConfigurationReference = 5BA51CC5F0C2CD48B9FB2036 /* Pods-split.debug.xcconfig */;
			buildSettings = {
				ASSETCATALOG_COMPILER_APPICON_NAME = AppIcon;
				CODE_SIGN_IDENTITY = "iPhone Developer";
				CODE_SIGN_STYLE = Automatic;
				DEVELOPMENT_TEAM = TEYXSSTETT;
				INFOPLIST_FILE = split/Info.plist;
				LD_RUNPATH_SEARCH_PATHS = (
					"$(inherited)",
					"@executable_path/Frameworks",
				);
				PRODUCT_BUNDLE_IDENTIFIER = com.sunflower.split;
				PRODUCT_NAME = "$(TARGET_NAME)";
				PROVISIONING_PROFILE_SPECIFIER = "";
				SWIFT_VERSION = 4.0;
				TARGETED_DEVICE_FAMILY = 1;
			};
			name = Debug;
		};
		E14D8389219C785B004F3B34 /* Release */ = {
			isa = XCBuildConfiguration;
			baseConfigurationReference = BE3FF63475A58BD80F1454A5 /* Pods-split.release.xcconfig */;
			buildSettings = {
				ASSETCATALOG_COMPILER_APPICON_NAME = AppIcon;
				CODE_SIGN_IDENTITY = "iPhone Developer";
				CODE_SIGN_STYLE = Automatic;
				DEVELOPMENT_TEAM = TEYXSSTETT;
				INFOPLIST_FILE = split/Info.plist;
				LD_RUNPATH_SEARCH_PATHS = (
					"$(inherited)",
					"@executable_path/Frameworks",
				);
				PRODUCT_BUNDLE_IDENTIFIER = com.sunflower.split;
				PRODUCT_NAME = "$(TARGET_NAME)";
				PROVISIONING_PROFILE_SPECIFIER = "";
				SWIFT_VERSION = 4.0;
				TARGETED_DEVICE_FAMILY = 1;
			};
			name = Release;
		};
		E14D838B219C785B004F3B34 /* Debug */ = {
			isa = XCBuildConfiguration;
			buildSettings = {
				ALWAYS_EMBED_SWIFT_STANDARD_LIBRARIES = YES;
				BUNDLE_LOADER = "$(TEST_HOST)";
				CODE_SIGN_STYLE = Automatic;
				INFOPLIST_FILE = splitTests/Info.plist;
				LD_RUNPATH_SEARCH_PATHS = (
					"$(inherited)",
					"@executable_path/Frameworks",
					"@loader_path/Frameworks",
				);
				PRODUCT_BUNDLE_IDENTIFIER = com.sunflower.splitTests;
				PRODUCT_NAME = "$(TARGET_NAME)";
				SWIFT_VERSION = 4.2;
				TARGETED_DEVICE_FAMILY = "1,2";
				TEST_HOST = "$(BUILT_PRODUCTS_DIR)/split.app/split";
			};
			name = Debug;
		};
		E14D838C219C785B004F3B34 /* Release */ = {
			isa = XCBuildConfiguration;
			buildSettings = {
				ALWAYS_EMBED_SWIFT_STANDARD_LIBRARIES = YES;
				BUNDLE_LOADER = "$(TEST_HOST)";
				CODE_SIGN_STYLE = Automatic;
				INFOPLIST_FILE = splitTests/Info.plist;
				LD_RUNPATH_SEARCH_PATHS = (
					"$(inherited)",
					"@executable_path/Frameworks",
					"@loader_path/Frameworks",
				);
				PRODUCT_BUNDLE_IDENTIFIER = com.sunflower.splitTests;
				PRODUCT_NAME = "$(TARGET_NAME)";
				SWIFT_VERSION = 4.2;
				TARGETED_DEVICE_FAMILY = "1,2";
				TEST_HOST = "$(BUILT_PRODUCTS_DIR)/split.app/split";
			};
			name = Release;
		};
		E14D838E219C785B004F3B34 /* Debug */ = {
			isa = XCBuildConfiguration;
			buildSettings = {
				ALWAYS_EMBED_SWIFT_STANDARD_LIBRARIES = YES;
				CODE_SIGN_STYLE = Automatic;
				INFOPLIST_FILE = splitUITests/Info.plist;
				LD_RUNPATH_SEARCH_PATHS = (
					"$(inherited)",
					"@executable_path/Frameworks",
					"@loader_path/Frameworks",
				);
				PRODUCT_BUNDLE_IDENTIFIER = com.sunflower.splitUITests;
				PRODUCT_NAME = "$(TARGET_NAME)";
				SWIFT_VERSION = 4.2;
				TARGETED_DEVICE_FAMILY = "1,2";
				TEST_TARGET_NAME = split;
			};
			name = Debug;
		};
		E14D838F219C785B004F3B34 /* Release */ = {
			isa = XCBuildConfiguration;
			buildSettings = {
				ALWAYS_EMBED_SWIFT_STANDARD_LIBRARIES = YES;
				CODE_SIGN_STYLE = Automatic;
				INFOPLIST_FILE = splitUITests/Info.plist;
				LD_RUNPATH_SEARCH_PATHS = (
					"$(inherited)",
					"@executable_path/Frameworks",
					"@loader_path/Frameworks",
				);
				PRODUCT_BUNDLE_IDENTIFIER = com.sunflower.splitUITests;
				PRODUCT_NAME = "$(TARGET_NAME)";
				SWIFT_VERSION = 4.2;
				TARGETED_DEVICE_FAMILY = "1,2";
				TEST_TARGET_NAME = split;
			};
			name = Release;
		};
/* End XCBuildConfiguration section */

/* Begin XCConfigurationList section */
		E14D835A219C7858004F3B34 /* Build configuration list for PBXProject "split" */ = {
			isa = XCConfigurationList;
			buildConfigurations = (
				E14D8385219C785B004F3B34 /* Debug */,
				E14D8386219C785B004F3B34 /* Release */,
			);
			defaultConfigurationIsVisible = 0;
			defaultConfigurationName = Release;
		};
		E14D8387219C785B004F3B34 /* Build configuration list for PBXNativeTarget "split" */ = {
			isa = XCConfigurationList;
			buildConfigurations = (
				E14D8388219C785B004F3B34 /* Debug */,
				E14D8389219C785B004F3B34 /* Release */,
			);
			defaultConfigurationIsVisible = 0;
			defaultConfigurationName = Release;
		};
		E14D838A219C785B004F3B34 /* Build configuration list for PBXNativeTarget "splitTests" */ = {
			isa = XCConfigurationList;
			buildConfigurations = (
				E14D838B219C785B004F3B34 /* Debug */,
				E14D838C219C785B004F3B34 /* Release */,
			);
			defaultConfigurationIsVisible = 0;
			defaultConfigurationName = Release;
		};
		E14D838D219C785B004F3B34 /* Build configuration list for PBXNativeTarget "splitUITests" */ = {
			isa = XCConfigurationList;
			buildConfigurations = (
				E14D838E219C785B004F3B34 /* Debug */,
				E14D838F219C785B004F3B34 /* Release */,
			);
			defaultConfigurationIsVisible = 0;
			defaultConfigurationName = Release;
		};
/* End XCConfigurationList section */
	};
	rootObject = E14D8357219C7858004F3B34 /* Project object */;
}
